
Microsoft Visual Studio Solution File, Format Version 12.00
# Visual Studio 15
VisualStudioVersion = 15.0.28010.2003
MinimumVisualStudioVersion = 10.0.40219.1
Project("{9A19103F-16F7-4668-BE54-9A1E7A4F7556}") = "DotnettyHttpServer", "DotnettyHttpServer\DotnettyHttpServer.csproj", "{6A6F16C7-00BB-4860-BE92-69150854B24F}"
EndProject
Project("{9A19103F-16F7-4668-BE54-9A1E7A4F7556}") = "DotnettyHttpClient", "DotnettyHttpClient\DotnettyHttpClient.csproj", "{E255B3B3-7989-45EA-9BBD-27961AEF7E53}"
EndProject
Project("{9A19103F-16F7-4668-BE54-9A1E7A4F7556}") = "WebApi", "WebApi\WebApi.csproj", "{03EC8CDD-BD60-410B-90EB-0CCEC32896EE}"
EndProject
Project("{FAE04EC0-301F-11D3-BF4B-00C04F79EFBC}") = "DotnettyHttp", "DotnettyHttp\DotnettyHttp.csproj", "{B84B79CB-4928-493C-9E5D-B009D02C2F6E}"
EndProject
Global
	GlobalSection(SolutionConfigurationPlatforms) = preSolution
		Debug|Any CPU = Debug|Any CPU
		Release|Any CPU = Release|Any CPU
	EndGlobalSection
	GlobalSection(ProjectConfigurationPlatforms) = postSolution
		{6A6F16C7-00BB-4860-BE92-69150854B24F}.Debug|Any CPU.ActiveCfg = Debug|Any CPU
		{6A6F16C7-00BB-4860-BE92-69150854B24F}.Debug|Any CPU.Build.0 = Debug|Any CPU
		{6A6F16C7-00BB-4860-BE92-69150854B24F}.Release|Any CPU.ActiveCfg = Release|Any CPU
		{6A6F16C7-00BB-4860-BE92-69150854B24F}.Release|Any CPU.Build.0 = Release|Any CPU
		{E255B3B3-7989-45EA-9BBD-27961AEF7E53}.Debug|Any CPU.ActiveCfg = Debug|Any CPU
		{E255B3B3-7989-45EA-9BBD-27961AEF7E53}.Debug|Any CPU.Build.0 = Debug|Any CPU
		{E255B3B3-7989-45EA-9BBD-27961AEF7E53}.Release|Any CPU.ActiveCfg = Release|Any CPU
		{E255B3B3-7989-45EA-9BBD-27961AEF7E53}.Release|Any CPU.Build.0 = Release|Any CPU
		{03EC8CDD-BD60-410B-90EB-0CCEC32896EE}.Debug|Any CPU.ActiveCfg = Debug|Any CPU
		{03EC8CDD-BD60-410B-90EB-0CCEC32896EE}.Debug|Any CPU.Build.0 = Debug|Any CPU
		{03EC8CDD-BD60-410B-90EB-0CCEC32896EE}.Release|Any CPU.ActiveCfg = Release|Any CPU
		{03EC8CDD-BD60-410B-90EB-0CCEC32896EE}.Release|Any CPU.Build.0 = Release|Any CPU
		{B84B79CB-4928-493C-9E5D-B009D02C2F6E}.Debug|Any CPU.ActiveCfg = Debug|Any CPU
		{B84B79CB-4928-493C-9E5D-B009D02C2F6E}.Debug|Any CPU.Build.0 = Debug|Any CPU
		{B84B79CB-4928-493C-9E5D-B009D02C2F6E}.Release|Any CPU.ActiveCfg = Release|Any CPU
		{B84B79CB-4928-493C-9E5D-B009D02C2F6E}.Release|Any CPU.Build.0 = Release|Any CPU
	EndGlobalSection
	GlobalSection(SolutionProperties) = preSolution
		HideSolutionNode = FALSE
	EndGlobalSection
	GlobalSection(ExtensibilityGlobals) = postSolution
		SolutionGuid = {5E3EA791-760B-483F-A402-17946E57E7D9}
	EndGlobalSection
EndGlobal
