
Microsoft Visual Studio Solution File, Format Version 12.00
# Visual Studio 15
VisualStudioVersion = 15.0.28010.2003
MinimumVisualStudioVersion = 10.0.40219.1
Project("{9A19103F-16F7-4668-BE54-9A1E7A4F7556}") = "DotnettyHttpServer", "DotnettyHttpServer\DotnettyHttpServer.csproj", "{6A6F16C7-00BB-4860-BE92-69150854B24F}"
EndProject
Project("{9A19103F-16F7-4668-BE54-9A1E7A4F7556}") = "DotnettyHttpClient", "DotnettyHttpClient\DotnettyHttpClient.csproj", "{E255B3B3-7989-45EA-9BBD-27961AEF7E53}"
EndProject
Project("{9A19103F-16F7-4668-BE54-9A1E7A4F7556}") = "WebApi", "WebApi\WebApi.csproj", "{03EC8CDD-BD60-410B-90EB-0CCEC32896EE}"
EndProject
Project("{9A19103F-16F7-4668-BE54-9A1E7A4F7556}") = "DotnettyHttp", "DotnettyHttp\DotnettyHttp.csproj", "{B84B79CB-4928-493C-9E5D-B009D02C2F6E}"
EndProject
Project("{9A19103F-16F7-4668-BE54-9A1E7A4F7556}") = "WebAapiTest", "WebAapiTest\WebAapiTest.csproj", "{9678CF6F-1CE1-44E3-92C2-AE2C4B684E33}"
EndProject
Project("{9A19103F-16F7-4668-BE54-9A1E7A4F7556}") = "DotnettySocketServer", "DotnettySocketServer\DotnettySocketServer.csproj", "{EA7FF35B-D9E7-4D0D-BE78-384196E08541}"
EndProject
Project("{9A19103F-16F7-4668-BE54-9A1E7A4F7556}") = "DotnettyWebSocketServer", "DotnettyWebSocketServer\DotnettyWebSocketServer.csproj", "{824CAD6E-2505-4D50-AAD2-7AAC6F9D87A1}"
EndProject
Project("{9A19103F-16F7-4668-BE54-9A1E7A4F7556}") = "DotnettySocketClient", "DotnettySocketClient\DotnettySocketClient.csproj", "{7164B106-FA96-4511-AB7E-54C498ACBA00}"
EndProject
Global
	GlobalSection(Performance) = preSolution
		HasPerformanceSessions = true
	EndGlobalSection
	GlobalSection(SolutionConfigurationPlatforms) = preSolution
		Debug|Any CPU = Debug|Any CPU
		Release|Any CPU = Release|Any CPU
	EndGlobalSection
	GlobalSection(ProjectConfigurationPlatforms) = postSolution
		{6A6F16C7-00BB-4860-BE92-69150854B24F}.Debug|Any CPU.ActiveCfg = Debug|Any CPU
		{6A6F16C7-00BB-4860-BE92-69150854B24F}.Debug|Any CPU.Build.0 = Debug|Any CPU
		{6A6F16C7-00BB-4860-BE92-69150854B24F}.Release|Any CPU.ActiveCfg = Release|Any CPU
		{6A6F16C7-00BB-4860-BE92-69150854B24F}.Release|Any CPU.Build.0 = Release|Any CPU
		{E255B3B3-7989-45EA-9BBD-27961AEF7E53}.Debug|Any CPU.ActiveCfg = Debug|Any CPU
		{E255B3B3-7989-45EA-9BBD-27961AEF7E53}.Debug|Any CPU.Build.0 = Debug|Any CPU
		{E255B3B3-7989-45EA-9BBD-27961AEF7E53}.Release|Any CPU.ActiveCfg = Release|Any CPU
		{E255B3B3-7989-45EA-9BBD-27961AEF7E53}.Release|Any CPU.Build.0 = Release|Any CPU
		{03EC8CDD-BD60-410B-90EB-0CCEC32896EE}.Debug|Any CPU.ActiveCfg = Debug|Any CPU
		{03EC8CDD-BD60-410B-90EB-0CCEC32896EE}.Debug|Any CPU.Build.0 = Debug|Any CPU
		{03EC8CDD-BD60-410B-90EB-0CCEC32896EE}.Release|Any CPU.ActiveCfg = Release|Any CPU
		{03EC8CDD-BD60-410B-90EB-0CCEC32896EE}.Release|Any CPU.Build.0 = Release|Any CPU
		{B84B79CB-4928-493C-9E5D-B009D02C2F6E}.Debug|Any CPU.ActiveCfg = Debug|Any CPU
		{B84B79CB-4928-493C-9E5D-B009D02C2F6E}.Debug|Any CPU.Build.0 = Debug|Any CPU
		{B84B79CB-4928-493C-9E5D-B009D02C2F6E}.Release|Any CPU.ActiveCfg = Release|Any CPU
		{B84B79CB-4928-493C-9E5D-B009D02C2F6E}.Release|Any CPU.Build.0 = Release|Any CPU
		{9678CF6F-1CE1-44E3-92C2-AE2C4B684E33}.Debug|Any CPU.ActiveCfg = Debug|Any CPU
		{9678CF6F-1CE1-44E3-92C2-AE2C4B684E33}.Debug|Any CPU.Build.0 = Debug|Any CPU
		{9678CF6F-1CE1-44E3-92C2-AE2C4B684E33}.Release|Any CPU.ActiveCfg = Release|Any CPU
		{9678CF6F-1CE1-44E3-92C2-AE2C4B684E33}.Release|Any CPU.Build.0 = Release|Any CPU
		{EA7FF35B-D9E7-4D0D-BE78-384196E08541}.Debug|Any CPU.ActiveCfg = Debug|Any CPU
		{EA7FF35B-D9E7-4D0D-BE78-384196E08541}.Debug|Any CPU.Build.0 = Debug|Any CPU
		{EA7FF35B-D9E7-4D0D-BE78-384196E08541}.Release|Any CPU.ActiveCfg = Release|Any CPU
		{EA7FF35B-D9E7-4D0D-BE78-384196E08541}.Release|Any CPU.Build.0 = Release|Any CPU
		{824CAD6E-2505-4D50-AAD2-7AAC6F9D87A1}.Debug|Any CPU.ActiveCfg = Debug|Any CPU
		{824CAD6E-2505-4D50-AAD2-7AAC6F9D87A1}.Debug|Any CPU.Build.0 = Debug|Any CPU
		{824CAD6E-2505-4D50-AAD2-7AAC6F9D87A1}.Release|Any CPU.ActiveCfg = Release|Any CPU
		{824CAD6E-2505-4D50-AAD2-7AAC6F9D87A1}.Release|Any CPU.Build.0 = Release|Any CPU
		{7164B106-FA96-4511-AB7E-54C498ACBA00}.Debug|Any CPU.ActiveCfg = Debug|Any CPU
		{7164B106-FA96-4511-AB7E-54C498ACBA00}.Debug|Any CPU.Build.0 = Debug|Any CPU
		{7164B106-FA96-4511-AB7E-54C498ACBA00}.Release|Any CPU.ActiveCfg = Release|Any CPU
		{7164B106-FA96-4511-AB7E-54C498ACBA00}.Release|Any CPU.Build.0 = Release|Any CPU
	EndGlobalSection
	GlobalSection(SolutionProperties) = preSolution
		HideSolutionNode = FALSE
	EndGlobalSection
	GlobalSection(ExtensibilityGlobals) = postSolution
		SolutionGuid = {5E3EA791-760B-483F-A402-17946E57E7D9}
	EndGlobalSection
EndGlobal
